
Microsoft Visual Studio Solution File, Format Version 12.00
# Visual Studio Version 16
VisualStudioVersion = 16.0.32228.343
MinimumVisualStudioVersion = 10.0.40219.1
Project("{FAE04EC0-301F-11D3-BF4B-00C04F79EFBC}") = "Sultan-Lending-Library", "Sultan-Lending-Library\Sultan-Lending-Library.csproj", "{07971593-565C-44EB-8CA1-7AA629890F4D}"
EndProject
Project("{FAE04EC0-301F-11D3-BF4B-00C04F79EFBC}") = "TestSultanLendingLibrary", "TestSultanLendingLibrary\TestSultanLendingLibrary.csproj", "{A5EAB69E-EBCC-4F08-9DA1-DA9CA5001979}"
EndProject
Global
	GlobalSection(SolutionConfigurationPlatforms) = preSolution
		Debug|Any CPU = Debug|Any CPU
		Release|Any CPU = Release|Any CPU
	EndGlobalSection
	GlobalSection(ProjectConfigurationPlatforms) = postSolution
		{07971593-565C-44EB-8CA1-7AA629890F4D}.Debug|Any CPU.ActiveCfg = Debug|Any CPU
		{07971593-565C-44EB-8CA1-7AA629890F4D}.Debug|Any CPU.Build.0 = Debug|Any CPU
		{07971593-565C-44EB-8CA1-7AA629890F4D}.Release|Any CPU.ActiveCfg = Release|Any CPU
		{07971593-565C-44EB-8CA1-7AA629890F4D}.Release|Any CPU.Build.0 = Release|Any CPU
		{A5EAB69E-EBCC-4F08-9DA1-DA9CA5001979}.Debug|Any CPU.ActiveCfg = Debug|Any CPU
		{A5EAB69E-EBCC-4F08-9DA1-DA9CA5001979}.Debug|Any CPU.Build.0 = Debug|Any CPU
		{A5EAB69E-EBCC-4F08-9DA1-DA9CA5001979}.Release|Any CPU.ActiveCfg = Release|Any CPU
		{A5EAB69E-EBCC-4F08-9DA1-DA9CA5001979}.Release|Any CPU.Build.0 = Release|Any CPU
	EndGlobalSection
	GlobalSection(SolutionProperties) = preSolution
		HideSolutionNode = FALSE
	EndGlobalSection
	GlobalSection(ExtensibilityGlobals) = postSolution
		SolutionGuid = {0032D89C-9C2B-47BD-AF65-345F0C61029C}
	EndGlobalSection
EndGlobal
